
Microsoft Visual Studio Solution File, Format Version 12.00
# Visual Studio Version 17
VisualStudioVersion = 17.11.35219.272
MinimumVisualStudioVersion = 10.0.40219.1
Project("{FAE04EC0-301F-11D3-BF4B-00C04F79EFBC}") = "Ecommerce", "Ecommerce\Ecommerce.csproj", "{42848EF2-0E6A-4F43-AD62-6EBE076307DA}"
EndProject
Global
	GlobalSection(SolutionConfigurationPlatforms) = preSolution
		Debug|Any CPU = Debug|Any CPU
		Release|Any CPU = Release|Any CPU
	EndGlobalSection
	GlobalSection(ProjectConfigurationPlatforms) = postSolution
		{42848EF2-0E6A-4F43-AD62-6EBE076307DA}.Debug|Any CPU.ActiveCfg = Debug|Any CPU
		{42848EF2-0E6A-4F43-AD62-6EBE076307DA}.Debug|Any CPU.Build.0 = Debug|Any CPU
		{42848EF2-0E6A-4F43-AD62-6EBE076307DA}.Release|Any CPU.ActiveCfg = Release|Any CPU
		{42848EF2-0E6A-4F43-AD62-6EBE076307DA}.Release|Any CPU.Build.0 = Release|Any CPU
	EndGlobalSection
	GlobalSection(SolutionProperties) = preSolution
		HideSolutionNode = FALSE
	EndGlobalSection
	GlobalSection(ExtensibilityGlobals) = postSolution
		SolutionGuid = {73ED7970-F67F-4CAA-AA4B-A0304A4A8BC3}
	EndGlobalSection
EndGlobal
